
Microsoft Visual Studio Solution File, Format Version 12.00
# Visual Studio Version 17
VisualStudioVersion = 17.6.33815.320
MinimumVisualStudioVersion = 10.0.40219.1
Project("{2150E333-8FDC-42A3-9474-1A3956D46DE8}") = "src", "src", "{686A9C3D-1ADF-432B-9B3D-6C1D310C23E8}"
EndProject
Project("{2150E333-8FDC-42A3-9474-1A3956D46DE8}") = "1-Presentation", "1-Presentation", "{951E949E-37F5-468D-9CF0-2BCABBFAC973}"
EndProject
Project("{2150E333-8FDC-42A3-9474-1A3956D46DE8}") = "2-Domain", "2-Domain", "{B2448032-FDA2-4718-9B42-87693BF7CE3F}"
EndProject
Project("{2150E333-8FDC-42A3-9474-1A3956D46DE8}") = "3-Infra", "3-Infra", "{B74513FB-C447-4DA5-8BE0-A9F0CA2948EC}"
EndProject
Project("{2150E333-8FDC-42A3-9474-1A3956D46DE8}") = "3.1-Data", "3.1-Data", "{BD590F05-0224-4F98-9F36-F80A6535426A}"
EndProject
Project("{2150E333-8FDC-42A3-9474-1A3956D46DE8}") = "3.2-CrossCutting", "3.2-CrossCutting", "{E703CB9B-B6CC-4095-89C9-48C48F1993BF}"
EndProject
Project("{2150E333-8FDC-42A3-9474-1A3956D46DE8}") = "test", "test", "{2E26A128-E9B9-4C82-9335-062171981EAE}"
EndProject
Global
	GlobalSection(SolutionProperties) = preSolution
		HideSolutionNode = FALSE
	EndGlobalSection
	GlobalSection(NestedProjects) = preSolution
		{951E949E-37F5-468D-9CF0-2BCABBFAC973} = {686A9C3D-1ADF-432B-9B3D-6C1D310C23E8}
		{B2448032-FDA2-4718-9B42-87693BF7CE3F} = {686A9C3D-1ADF-432B-9B3D-6C1D310C23E8}
		{B74513FB-C447-4DA5-8BE0-A9F0CA2948EC} = {686A9C3D-1ADF-432B-9B3D-6C1D310C23E8}
		{BD590F05-0224-4F98-9F36-F80A6535426A} = {B74513FB-C447-4DA5-8BE0-A9F0CA2948EC}
		{E703CB9B-B6CC-4095-89C9-48C48F1993BF} = {B74513FB-C447-4DA5-8BE0-A9F0CA2948EC}
	EndGlobalSection
	GlobalSection(ExtensibilityGlobals) = postSolution
		SolutionGuid = {916B4FC2-FE63-40B4-97E6-7EAAFEEBF0B1}
	EndGlobalSection
EndGlobal
